// !$*UTF8*$!
{
	archiveVersion = 1;
	classes = {
	};
	objectVersion = 50;
	objects = {

/* Begin PBXBuildFile section */
		042231172BE8BC9800E038A0 /* Assets.xcassets in Resources */ = {isa = PBXBuildFile; fileRef = 042231162BE8BC9800E038A0 /* Assets.xcassets */; };
		0422312B2BE8BEDD00E038A0 /* SDL2_image.framework in Frameworks */ = {isa = PBXBuildFile; fileRef = 0422312A2BE8BEDD00E038A0 /* SDL2_image.framework */; };
		0422312D2BE8BEDF00E038A0 /* SDL2_mixer.framework in Frameworks */ = {isa = PBXBuildFile; fileRef = 0422312C2BE8BEDF00E038A0 /* SDL2_mixer.framework */; };
		0422312F2BE8BEE100E038A0 /* SDL2_net.framework in Frameworks */ = {isa = PBXBuildFile; fileRef = 0422312E2BE8BEE100E038A0 /* SDL2_net.framework */; };
		042231312BE8BEE300E038A0 /* SDL2_ttf.framework in Frameworks */ = {isa = PBXBuildFile; fileRef = 042231302BE8BEE300E038A0 /* SDL2_ttf.framework */; };
		042231332BE8BEE500E038A0 /* SDL2.framework in Frameworks */ = {isa = PBXBuildFile; fileRef = 042231322BE8BEE500E038A0 /* SDL2.framework */; };
		042231462BE9229100E038A0 /* main.cpp in Sources */ = {isa = PBXBuildFile; fileRef = 042231442BE9229100E038A0 /* main.cpp */; };
		0423058E2BF25EEB003D1CC5 /* assets in Resources */ = {isa = PBXBuildFile; fileRef = 0423058A2BF25EEB003D1CC5 /* assets */; };
		0423058F2BF25EEB003D1CC5 /* music in Resources */ = {isa = PBXBuildFile; fileRef = 0423058B2BF25EEB003D1CC5 /* music */; };
		042305902BF25EEB003D1CC5 /* sound in Resources */ = {isa = PBXBuildFile; fileRef = 0423058C2BF25EEB003D1CC5 /* sound */; };
		042305912BF25EEB003D1CC5 /* VeniteAdoremus-rgRBA.ttf in Resources */ = {isa = PBXBuildFile; fileRef = 0423058D2BF25EEB003D1CC5 /* VeniteAdoremus-rgRBA.ttf */; };
		04ECE42B2BF8923D0019AA0D /* general.png in Resources */ = {isa = PBXBuildFile; fileRef = 04ECE42A2BF8923D0019AA0D /* general.png */; };
		04ECE42F2BF8A0D30019AA0D /* choosePlayer.cpp in Sources */ = {isa = PBXBuildFile; fileRef = 04ECE42D2BF8A0D30019AA0D /* choosePlayer.cpp */; };
/* End PBXBuildFile section */

/* Begin PBXFileReference section */
		042231102BE8BC9600E038A0 /* 2D Shooter.app */ = {isa = PBXFileReference; explicitFileType = wrapper.application; includeInIndex = 0; path = "2D Shooter.app"; sourceTree = BUILT_PRODUCTS_DIR; };
		042231162BE8BC9800E038A0 /* Assets.xcassets */ = {isa = PBXFileReference; lastKnownFileType = folder.assetcatalog; path = Assets.xcassets; sourceTree = "<group>"; };
		0422311B2BE8BC9800E038A0 /* Info.plist */ = {isa = PBXFileReference; lastKnownFileType = text.plist.xml; path = Info.plist; sourceTree = "<group>"; };
		0422311E2BE8BC9800E038A0 /* _D_Shooter.entitlements */ = {isa = PBXFileReference; lastKnownFileType = text.plist.entitlements; path = _D_Shooter.entitlements; sourceTree = "<group>"; };
		042231282BE8BE5B00E038A0 /* defs.h */ = {isa = PBXFileReference; lastKnownFileType = sourcecode.c.h; path = defs.h; sourceTree = "<group>"; };
		0422312A2BE8BEDD00E038A0 /* SDL2_image.framework */ = {isa = PBXFileReference; lastKnownFileType = wrapper.framework; name = SDL2_image.framework; path = ../../../../../../../../Library/Frameworks/SDL2_image.framework; sourceTree = "<group>"; };
		0422312C2BE8BEDF00E038A0 /* SDL2_mixer.framework */ = {isa = PBXFileReference; lastKnownFileType = wrapper.framework; name = SDL2_mixer.framework; path = ../../../../../../../../Library/Frameworks/SDL2_mixer.framework; sourceTree = "<group>"; };
		0422312E2BE8BEE100E038A0 /* SDL2_net.framework */ = {isa = PBXFileReference; lastKnownFileType = wrapper.framework; name = SDL2_net.framework; path = ../../../../../../../../Library/Frameworks/SDL2_net.framework; sourceTree = "<group>"; };
		042231302BE8BEE300E038A0 /* SDL2_ttf.framework */ = {isa = PBXFileReference; lastKnownFileType = wrapper.framework; name = SDL2_ttf.framework; path = ../../../../../../../../Library/Frameworks/SDL2_ttf.framework; sourceTree = "<group>"; };
		042231322BE8BEE500E038A0 /* SDL2.framework */ = {isa = PBXFileReference; lastKnownFileType = wrapper.framework; name = SDL2.framework; path = ../../../../../../../../Library/Frameworks/SDL2.framework; sourceTree = "<group>"; };
		042231342BE8BF4000E038A0 /* structs.h */ = {isa = PBXFileReference; lastKnownFileType = sourcecode.c.h; path = structs.h; sourceTree = "<group>"; };
		042231362BE8C04B00E038A0 /* init.cpp */ = {isa = PBXFileReference; lastKnownFileType = sourcecode.cpp.cpp; path = init.cpp; sourceTree = "<group>"; };
		042231372BE8C04B00E038A0 /* init.hpp */ = {isa = PBXFileReference; lastKnownFileType = sourcecode.cpp.h; path = init.hpp; sourceTree = "<group>"; };
		0422313A2BE91E9D00E038A0 /* commons.h */ = {isa = PBXFileReference; lastKnownFileType = sourcecode.c.h; path = commons.h; sourceTree = "<group>"; };
		0422313C2BE920D900E038A0 /* input.cpp */ = {isa = PBXFileReference; lastKnownFileType = sourcecode.cpp.cpp; path = input.cpp; sourceTree = "<group>"; };
		0422313D2BE920D900E038A0 /* input.hpp */ = {isa = PBXFileReference; lastKnownFileType = sourcecode.cpp.h; path = input.hpp; sourceTree = "<group>"; };
		042231402BE921F400E038A0 /* draw.cpp */ = {isa = PBXFileReference; lastKnownFileType = sourcecode.cpp.cpp; path = draw.cpp; sourceTree = "<group>"; };
		042231412BE921F400E038A0 /* draw.hpp */ = {isa = PBXFileReference; lastKnownFileType = sourcecode.cpp.h; path = draw.hpp; sourceTree = "<group>"; };
		042231442BE9229100E038A0 /* main.cpp */ = {isa = PBXFileReference; lastKnownFileType = sourcecode.cpp.cpp; path = main.cpp; sourceTree = "<group>"; };
		042231452BE9229100E038A0 /* main.hpp */ = {isa = PBXFileReference; lastKnownFileType = sourcecode.cpp.h; path = main.hpp; sourceTree = "<group>"; };
		042231582BE9385300E038A0 /* stage.cpp */ = {isa = PBXFileReference; lastKnownFileType = sourcecode.cpp.cpp; path = stage.cpp; sourceTree = "<group>"; };
		042231592BE9385300E038A0 /* stage.hpp */ = {isa = PBXFileReference; lastKnownFileType = sourcecode.cpp.h; path = stage.hpp; sourceTree = "<group>"; };
		0423058A2BF25EEB003D1CC5 /* assets */ = {isa = PBXFileReference; lastKnownFileType = folder; name = assets; path = "../../../../Volumes/Data/game/2D Shooter/assets"; sourceTree = "<group>"; };
		0423058B2BF25EEB003D1CC5 /* music */ = {isa = PBXFileReference; lastKnownFileType = folder; name = music; path = "../../../../Volumes/Data/game/2D Shooter/music"; sourceTree = "<group>"; };
		0423058C2BF25EEB003D1CC5 /* sound */ = {isa = PBXFileReference; lastKnownFileType = folder; name = sound; path = "../../../../Volumes/Data/game/2D Shooter/sound"; sourceTree = "<group>"; };
		0423058D2BF25EEB003D1CC5 /* VeniteAdoremus-rgRBA.ttf */ = {isa = PBXFileReference; lastKnownFileType = file; name = "VeniteAdoremus-rgRBA.ttf"; path = "../../../../Volumes/Data/game/2D Shooter/VeniteAdoremus-rgRBA.ttf"; sourceTree = "<group>"; };
		0424E2422BF2E82D00C3D059 /* title.cpp */ = {isa = PBXFileReference; lastKnownFileType = sourcecode.cpp.cpp; path = title.cpp; sourceTree = "<group>"; };
		0424E2432BF2E82D00C3D059 /* title.hpp */ = {isa = PBXFileReference; lastKnownFileType = sourcecode.cpp.h; path = title.hpp; sourceTree = "<group>"; };
		042D83B82BEDDAFB00E28FC4 /* text.cpp */ = {isa = PBXFileReference; lastKnownFileType = sourcecode.cpp.cpp; path = text.cpp; sourceTree = "<group>"; };
		042D83B92BEDDAFB00E28FC4 /* text.hpp */ = {isa = PBXFileReference; lastKnownFileType = sourcecode.cpp.h; path = text.hpp; sourceTree = "<group>"; };
		046649122BF886EB00C0EB43 /* textBox.cpp */ = {isa = PBXFileReference; lastKnownFileType = sourcecode.cpp.cpp; path = textBox.cpp; sourceTree = "<group>"; };
		046649132BF886EB00C0EB43 /* textBox.hpp */ = {isa = PBXFileReference; lastKnownFileType = sourcecode.cpp.h; path = textBox.hpp; sourceTree = "<group>"; };
		048DBB902BED505600FCEFA8 /* sound.cpp */ = {isa = PBXFileReference; lastKnownFileType = sourcecode.cpp.cpp; path = sound.cpp; sourceTree = "<group>"; };
		048DBB912BED505600FCEFA8 /* sound.hpp */ = {isa = PBXFileReference; lastKnownFileType = sourcecode.cpp.h; path = sound.hpp; sourceTree = "<group>"; };
		04CE265A2BEA94B500E4F5A8 /* util.cpp */ = {isa = PBXFileReference; lastKnownFileType = sourcecode.cpp.cpp; path = util.cpp; sourceTree = "<group>"; };
		04CE265B2BEA94B500E4F5A8 /* util.hpp */ = {isa = PBXFileReference; lastKnownFileType = sourcecode.cpp.h; path = util.hpp; sourceTree = "<group>"; };
		04D4B7522BF0F5B70012E3ED /* background.cpp */ = {isa = PBXFileReference; lastKnownFileType = sourcecode.cpp.cpp; path = background.cpp; sourceTree = "<group>"; };
		04D4B7532BF0F5B70012E3ED /* background.hpp */ = {isa = PBXFileReference; lastKnownFileType = sourcecode.cpp.h; path = background.hpp; sourceTree = "<group>"; };
		04D4B7572BF126010012E3ED /* gameOver.cpp */ = {isa = PBXFileReference; lastKnownFileType = sourcecode.cpp.cpp; path = gameOver.cpp; sourceTree = "<group>"; };
		04D4B7582BF126010012E3ED /* gameOver.hpp */ = {isa = PBXFileReference; lastKnownFileType = sourcecode.cpp.h; path = gameOver.hpp; sourceTree = "<group>"; };
		04ECE42A2BF8923D0019AA0D /* general.png */ = {isa = PBXFileReference; lastKnownFileType = image.png; name = general.png; path = "../../../../Volumes/Data/game/2D Shooter/assets/general.png"; sourceTree = "<group>"; };
		04ECE42D2BF8A0D30019AA0D /* choosePlayer.cpp */ = {isa = PBXFileReference; lastKnownFileType = sourcecode.cpp.cpp; path = choosePlayer.cpp; sourceTree = "<group>"; };
		04ECE42E2BF8A0D30019AA0D /* choosePlayer.hpp */ = {isa = PBXFileReference; lastKnownFileType = sourcecode.cpp.h; path = choosePlayer.hpp; sourceTree = "<group>"; };
/* End PBXFileReference section */

/* Begin PBXFrameworksBuildPhase section */
		0422310D2BE8BC9600E038A0 /* Frameworks */ = {
			isa = PBXFrameworksBuildPhase;
			buildActionMask = 2147483647;
			files = (
				042231332BE8BEE500E038A0 /* SDL2.framework in Frameworks */,
				042231312BE8BEE300E038A0 /* SDL2_ttf.framework in Frameworks */,
				0422312B2BE8BEDD00E038A0 /* SDL2_image.framework in Frameworks */,
				0422312D2BE8BEDF00E038A0 /* SDL2_mixer.framework in Frameworks */,
				0422312F2BE8BEE100E038A0 /* SDL2_net.framework in Frameworks */,
			);
			runOnlyForDeploymentPostprocessing = 0;
		};
/* End PBXFrameworksBuildPhase section */

/* Begin PBXGroup section */
		042231072BE8BC9600E038A0 = {
			isa = PBXGroup;
			children = (
				042231122BE8BC9600E038A0 /* 2D Shooter */,
				042231112BE8BC9600E038A0 /* Products */,
				04ECE42A2BF8923D0019AA0D /* general.png */,
				0423058A2BF25EEB003D1CC5 /* assets */,
				0423058B2BF25EEB003D1CC5 /* music */,
				0423058C2BF25EEB003D1CC5 /* sound */,
				0423058D2BF25EEB003D1CC5 /* VeniteAdoremus-rgRBA.ttf */,
				042231292BE8BEDD00E038A0 /* Frameworks */,
			);
			sourceTree = "<group>";
		};
		042231112BE8BC9600E038A0 /* Products */ = {
			isa = PBXGroup;
			children = (
				042231102BE8BC9600E038A0 /* 2D Shooter.app */,
			);
			name = Products;
			sourceTree = "<group>";
		};
		042231122BE8BC9600E038A0 /* 2D Shooter */ = {
			isa = PBXGroup;
			children = (
				042231162BE8BC9800E038A0 /* Assets.xcassets */,
				0422311B2BE8BC9800E038A0 /* Info.plist */,
				0422311E2BE8BC9800E038A0 /* _D_Shooter.entitlements */,
				0423054D2BF1FF11003D1CC5 /* headers */,
				0423054E2BF1FF3E003D1CC5 /* src */,
				042231442BE9229100E038A0 /* main.cpp */,
				042231452BE9229100E038A0 /* main.hpp */,
			);
			path = "2D Shooter";
			sourceTree = "<group>";
		};
		042231292BE8BEDD00E038A0 /* Frameworks */ = {
			isa = PBXGroup;
			children = (
				042231322BE8BEE500E038A0 /* SDL2.framework */,
				042231302BE8BEE300E038A0 /* SDL2_ttf.framework */,
				0422312E2BE8BEE100E038A0 /* SDL2_net.framework */,
				0422312C2BE8BEDF00E038A0 /* SDL2_mixer.framework */,
				0422312A2BE8BEDD00E038A0 /* SDL2_image.framework */,
			);
			name = Frameworks;
			sourceTree = "<group>";
		};
		0423054D2BF1FF11003D1CC5 /* headers */ = {
			isa = PBXGroup;
			children = (
				042231282BE8BE5B00E038A0 /* defs.h */,
				042231342BE8BF4000E038A0 /* structs.h */,
				0422313A2BE91E9D00E038A0 /* commons.h */,
				042231372BE8C04B00E038A0 /* init.hpp */,
				0422313D2BE920D900E038A0 /* input.hpp */,
				042231412BE921F400E038A0 /* draw.hpp */,
				04CE265B2BEA94B500E4F5A8 /* util.hpp */,
				048DBB912BED505600FCEFA8 /* sound.hpp */,
				042D83B92BEDDAFB00E28FC4 /* text.hpp */,
				04D4B7532BF0F5B70012E3ED /* background.hpp */,
				046649132BF886EB00C0EB43 /* textBox.hpp */,
				042231592BE9385300E038A0 /* stage.hpp */,
				04D4B7582BF126010012E3ED /* gameOver.hpp */,
				0424E2432BF2E82D00C3D059 /* title.hpp */,
				04ECE42E2BF8A0D30019AA0D /* choosePlayer.hpp */,
			);
			name = headers;
			sourceTree = "<group>";
		};
		0423054E2BF1FF3E003D1CC5 /* src */ = {
			isa = PBXGroup;
			children = (
				042231362BE8C04B00E038A0 /* init.cpp */,
				0422313C2BE920D900E038A0 /* input.cpp */,
				042231402BE921F400E038A0 /* draw.cpp */,
				04CE265A2BEA94B500E4F5A8 /* util.cpp */,
				048DBB902BED505600FCEFA8 /* sound.cpp */,
				042D83B82BEDDAFB00E28FC4 /* text.cpp */,
				04D4B7522BF0F5B70012E3ED /* background.cpp */,
				046649122BF886EB00C0EB43 /* textBox.cpp */,
				042231582BE9385300E038A0 /* stage.cpp */,
				04D4B7572BF126010012E3ED /* gameOver.cpp */,
				0424E2422BF2E82D00C3D059 /* title.cpp */,
				04ECE42D2BF8A0D30019AA0D /* choosePlayer.cpp */,
			);
			name = src;
			sourceTree = "<group>";
		};
/* End PBXGroup section */

/* Begin PBXNativeTarget section */
		0422310F2BE8BC9600E038A0 /* 2D Shooter */ = {
			isa = PBXNativeTarget;
			buildConfigurationList = 042231212BE8BC9800E038A0 /* Build configuration list for PBXNativeTarget "2D Shooter" */;
			buildPhases = (
				0422310C2BE8BC9600E038A0 /* Sources */,
				0422310D2BE8BC9600E038A0 /* Frameworks */,
				0422310E2BE8BC9600E038A0 /* Resources */,
			);
			buildRules = (
			);
			dependencies = (
			);
			name = "2D Shooter";
			productName = "2D Shooter";
			productReference = 042231102BE8BC9600E038A0 /* 2D Shooter.app */;
			productType = "com.apple.product-type.application";
		};
/* End PBXNativeTarget section */

/* Begin PBXProject section */
		042231082BE8BC9600E038A0 /* Project object */ = {
			isa = PBXProject;
			attributes = {
				LastUpgradeCheck = 1200;
				TargetAttributes = {
					0422310F2BE8BC9600E038A0 = {
						CreatedOnToolsVersion = 12.0.1;
					};
				};
			};
			buildConfigurationList = 0422310B2BE8BC9600E038A0 /* Build configuration list for PBXProject "2D Shooter" */;
			compatibilityVersion = "Xcode 9.3";
			developmentRegion = en;
			hasScannedForEncodings = 0;
			knownRegions = (
				en,
				Base,
			);
			mainGroup = 042231072BE8BC9600E038A0;
			productRefGroup = 042231112BE8BC9600E038A0 /* Products */;
			projectDirPath = "";
			projectRoot = "";
			targets = (
				0422310F2BE8BC9600E038A0 /* 2D Shooter */,
			);
		};
/* End PBXProject section */

/* Begin PBXResourcesBuildPhase section */
		0422310E2BE8BC9600E038A0 /* Resources */ = {
			isa = PBXResourcesBuildPhase;
			buildActionMask = 2147483647;
			files = (
				042305912BF25EEB003D1CC5 /* VeniteAdoremus-rgRBA.ttf in Resources */,
				0423058E2BF25EEB003D1CC5 /* assets in Resources */,
				04ECE42B2BF8923D0019AA0D /* general.png in Resources */,
				0423058F2BF25EEB003D1CC5 /* music in Resources */,
				042305902BF25EEB003D1CC5 /* sound in Resources */,
				042231172BE8BC9800E038A0 /* Assets.xcassets in Resources */,
			);
			runOnlyForDeploymentPostprocessing = 0;
		};
/* End PBXResourcesBuildPhase section */

/* Begin PBXSourcesBuildPhase section */
		0422310C2BE8BC9600E038A0 /* Sources */ = {
			isa = PBXSourcesBuildPhase;
			buildActionMask = 2147483647;
			files = (
				042231462BE9229100E038A0 /* main.cpp in Sources */,
				04ECE42F2BF8A0D30019AA0D /* choosePlayer.cpp in Sources */,
			);
			runOnlyForDeploymentPostprocessing = 0;
		};
/* End PBXSourcesBuildPhase section */

/* Begin XCBuildConfiguration section */
		0422311F2BE8BC9800E038A0 /* Debug */ = {
			isa = XCBuildConfiguration;
			buildSettings = {
				ALWAYS_SEARCH_USER_PATHS = NO;
				CLANG_ANALYZER_NONNULL = YES;
				CLANG_ANALYZER_NUMBER_OBJECT_CONVERSION = YES_AGGRESSIVE;
				CLANG_CXX_LANGUAGE_STANDARD = "gnu++14";
				CLANG_CXX_LIBRARY = "libc++";
				CLANG_ENABLE_MODULES = YES;
				CLANG_ENABLE_OBJC_ARC = YES;
				CLANG_ENABLE_OBJC_WEAK = YES;
				CLANG_WARN_BLOCK_CAPTURE_AUTORELEASING = YES;
				CLANG_WARN_BOOL_CONVERSION = YES;
				CLANG_WARN_COMMA = YES;
				CLANG_WARN_CONSTANT_CONVERSION = YES;
				CLANG_WARN_DEPRECATED_OBJC_IMPLEMENTATIONS = YES;
				CLANG_WARN_DIRECT_OBJC_ISA_USAGE = YES_ERROR;
				CLANG_WARN_DOCUMENTATION_COMMENTS = YES;
				CLANG_WARN_EMPTY_BODY = YES;
				CLANG_WARN_ENUM_CONVERSION = YES;
				CLANG_WARN_INFINITE_RECURSION = YES;
				CLANG_WARN_INT_CONVERSION = YES;
				CLANG_WARN_NON_LITERAL_NULL_CONVERSION = YES;
				CLANG_WARN_OBJC_IMPLICIT_RETAIN_SELF = YES;
				CLANG_WARN_OBJC_LITERAL_CONVERSION = YES;
				CLANG_WARN_OBJC_ROOT_CLASS = YES_ERROR;
				CLANG_WARN_QUOTED_INCLUDE_IN_FRAMEWORK_HEADER = YES;
				CLANG_WARN_RANGE_LOOP_ANALYSIS = YES;
				CLANG_WARN_STRICT_PROTOTYPES = YES;
				CLANG_WARN_SUSPICIOUS_MOVE = YES;
				CLANG_WARN_UNGUARDED_AVAILABILITY = YES_AGGRESSIVE;
				CLANG_WARN_UNREACHABLE_CODE = YES;
				CLANG_WARN__DUPLICATE_METHOD_MATCH = YES;
				COPY_PHASE_STRIP = NO;
				DEBUG_INFORMATION_FORMAT = dwarf;
				ENABLE_STRICT_OBJC_MSGSEND = YES;
				ENABLE_TESTABILITY = YES;
				GCC_C_LANGUAGE_STANDARD = gnu11;
				GCC_DYNAMIC_NO_PIC = NO;
				GCC_NO_COMMON_BLOCKS = YES;
				GCC_OPTIMIZATION_LEVEL = 0;
				GCC_PREPROCESSOR_DEFINITIONS = (
					"DEBUG=1",
					"$(inherited)",
				);
				GCC_WARN_64_TO_32_BIT_CONVERSION = YES;
				GCC_WARN_ABOUT_RETURN_TYPE = YES_ERROR;
				GCC_WARN_UNDECLARED_SELECTOR = YES;
				GCC_WARN_UNINITIALIZED_AUTOS = YES_AGGRESSIVE;
				GCC_WARN_UNUSED_FUNCTION = YES;
				GCC_WARN_UNUSED_VARIABLE = YES;
				MACOSX_DEPLOYMENT_TARGET = 10.15;
				MTL_ENABLE_DEBUG_INFO = INCLUDE_SOURCE;
				MTL_FAST_MATH = YES;
				ONLY_ACTIVE_ARCH = YES;
				SDKROOT = macosx;
			};
			name = Debug;
		};
		042231202BE8BC9800E038A0 /* Release */ = {
			isa = XCBuildConfiguration;
			buildSettings = {
				ALWAYS_SEARCH_USER_PATHS = NO;
				CLANG_ANALYZER_NONNULL = YES;
				CLANG_ANALYZER_NUMBER_OBJECT_CONVERSION = YES_AGGRESSIVE;
				CLANG_CXX_LANGUAGE_STANDARD = "gnu++14";
				CLANG_CXX_LIBRARY = "libc++";
				CLANG_ENABLE_MODULES = YES;
				CLANG_ENABLE_OBJC_ARC = YES;
				CLANG_ENABLE_OBJC_WEAK = YES;
				CLANG_WARN_BLOCK_CAPTURE_AUTORELEASING = YES;
				CLANG_WARN_BOOL_CONVERSION = YES;
				CLANG_WARN_COMMA = YES;
				CLANG_WARN_CONSTANT_CONVERSION = YES;
				CLANG_WARN_DEPRECATED_OBJC_IMPLEMENTATIONS = YES;
				CLANG_WARN_DIRECT_OBJC_ISA_USAGE = YES_ERROR;
				CLANG_WARN_DOCUMENTATION_COMMENTS = YES;
				CLANG_WARN_EMPTY_BODY = YES;
				CLANG_WARN_ENUM_CONVERSION = YES;
				CLANG_WARN_INFINITE_RECURSION = YES;
				CLANG_WARN_INT_CONVERSION = YES;
				CLANG_WARN_NON_LITERAL_NULL_CONVERSION = YES;
				CLANG_WARN_OBJC_IMPLICIT_RETAIN_SELF = YES;
				CLANG_WARN_OBJC_LITERAL_CONVERSION = YES;
				CLANG_WARN_OBJC_ROOT_CLASS = YES_ERROR;
				CLANG_WARN_QUOTED_INCLUDE_IN_FRAMEWORK_HEADER = YES;
				CLANG_WARN_RANGE_LOOP_ANALYSIS = YES;
				CLANG_WARN_STRICT_PROTOTYPES = YES;
				CLANG_WARN_SUSPICIOUS_MOVE = YES;
				CLANG_WARN_UNGUARDED_AVAILABILITY = YES_AGGRESSIVE;
				CLANG_WARN_UNREACHABLE_CODE = YES;
				CLANG_WARN__DUPLICATE_METHOD_MATCH = YES;
				COPY_PHASE_STRIP = NO;
				DEBUG_INFORMATION_FORMAT = "dwarf-with-dsym";
				ENABLE_NS_ASSERTIONS = NO;
				ENABLE_STRICT_OBJC_MSGSEND = YES;
				GCC_C_LANGUAGE_STANDARD = gnu11;
				GCC_NO_COMMON_BLOCKS = YES;
				GCC_WARN_64_TO_32_BIT_CONVERSION = YES;
				GCC_WARN_ABOUT_RETURN_TYPE = YES_ERROR;
				GCC_WARN_UNDECLARED_SELECTOR = YES;
				GCC_WARN_UNINITIALIZED_AUTOS = YES_AGGRESSIVE;
				GCC_WARN_UNUSED_FUNCTION = YES;
				GCC_WARN_UNUSED_VARIABLE = YES;
				MACOSX_DEPLOYMENT_TARGET = 10.15;
				MTL_ENABLE_DEBUG_INFO = NO;
				MTL_FAST_MATH = YES;
				SDKROOT = macosx;
			};
			name = Release;
		};
		042231222BE8BC9800E038A0 /* Debug */ = {
			isa = XCBuildConfiguration;
			buildSettings = {
				ASSETCATALOG_COMPILER_APPICON_NAME = AppIcon;
				ASSETCATALOG_COMPILER_GLOBAL_ACCENT_COLOR_NAME = AccentColor;
				CODE_SIGN_ENTITLEMENTS = "2D Shooter/_D_Shooter.entitlements";
				CODE_SIGN_IDENTITY = "Apple Development";
				CODE_SIGN_STYLE = Automatic;
				COMBINE_HIDPI_IMAGES = YES;
				DEVELOPMENT_TEAM = M57UV7C59V;
				ENABLE_HARDENED_RUNTIME = YES;
				FRAMEWORK_SEARCH_PATHS = (
					"$(inherited)",
					"$(LOCAL_LIBRARY_DIR)/Frameworks",
				);
				INFOPLIST_FILE = "2D Shooter/Info.plist";
				LD_RUNPATH_SEARCH_PATHS = (
					"$(inherited)",
					"@executable_path/../Frameworks",
				);
				PRODUCT_BUNDLE_IDENTIFIER = "SDL2.-D-Shooter";
				PRODUCT_NAME = "$(TARGET_NAME)";
				PROVISIONING_PROFILE_SPECIFIER = "";
			};
			name = Debug;
		};
		042231232BE8BC9800E038A0 /* Release */ = {
			isa = XCBuildConfiguration;
			buildSettings = {
				ASSETCATALOG_COMPILER_APPICON_NAME = AppIcon;
				ASSETCATALOG_COMPILER_GLOBAL_ACCENT_COLOR_NAME = AccentColor;
				CODE_SIGN_ENTITLEMENTS = "2D Shooter/_D_Shooter.entitlements";
				CODE_SIGN_IDENTITY = "Apple Development";
				CODE_SIGN_STYLE = Automatic;
				COMBINE_HIDPI_IMAGES = YES;
				DEVELOPMENT_TEAM = M57UV7C59V;
				ENABLE_HARDENED_RUNTIME = YES;
				FRAMEWORK_SEARCH_PATHS = (
					"$(inherited)",
					"$(LOCAL_LIBRARY_DIR)/Frameworks",
				);
				INFOPLIST_FILE = "2D Shooter/Info.plist";
				LD_RUNPATH_SEARCH_PATHS = (
					"$(inherited)",
					"@executable_path/../Frameworks",
				);
				PRODUCT_BUNDLE_IDENTIFIER = "SDL2.-D-Shooter";
				PRODUCT_NAME = "$(TARGET_NAME)";
				PROVISIONING_PROFILE_SPECIFIER = "";
			};
			name = Release;
		};
/* End XCBuildConfiguration section */

/* Begin XCConfigurationList section */
		0422310B2BE8BC9600E038A0 /* Build configuration list for PBXProject "2D Shooter" */ = {
			isa = XCConfigurationList;
			buildConfigurations = (
				0422311F2BE8BC9800E038A0 /* Debug */,
				042231202BE8BC9800E038A0 /* Release */,
			);
			defaultConfigurationIsVisible = 0;
			defaultConfigurationName = Release;
		};
		042231212BE8BC9800E038A0 /* Build configuration list for PBXNativeTarget "2D Shooter" */ = {
			isa = XCConfigurationList;
			buildConfigurations = (
				042231222BE8BC9800E038A0 /* Debug */,
				042231232BE8BC9800E038A0 /* Release */,
			);
			defaultConfigurationIsVisible = 0;
			defaultConfigurationName = Release;
		};
/* End XCConfigurationList section */
	};
	rootObject = 042231082BE8BC9600E038A0 /* Project object */;
}
